{
  "name": "ranch_journal",
  "lockfileVersion": 3,
  "requires": true,
  "packages": {
    "": {
      "dependencies": {
        "dompurify": "^3.1.6"
      }
    },
    "node_modules/dompurify": {
      "version": "3.1.6",
      "resolved": "https://registry.npmjs.org/dompurify/-/dompurify-3.1.6.tgz",
      "integrity": "sha512-cTOAhc36AalkjtBpfG6O8JimdTMWNXjiePT2xQH/ppBGi/4uIpmj8eKyIkMJErXWARyINV/sB38yf8JCLF5pbQ=="
    }
  }
}
